
Microsoft Visual Studio Solution File, Format Version 12.00
# Visual Studio Version 16
VisualStudioVersion = 16.0.28922.388
MinimumVisualStudioVersion = 10.0.40219.1
Project("{FAE04EC0-301F-11D3-BF4B-00C04F79EFBC}") = "RollerCoaster", "RollerCoaster\RollerCoaster.csproj", "{3C097BB0-8916-4CF8-92AA-0B3846690D19}"
EndProject
Global
	GlobalSection(SolutionConfigurationPlatforms) = preSolution
		Debug|Any CPU = Debug|Any CPU
		Release|Any CPU = Release|Any CPU
	EndGlobalSection
	GlobalSection(ProjectConfigurationPlatforms) = postSolution
		{3C097BB0-8916-4CF8-92AA-0B3846690D19}.Debug|Any CPU.ActiveCfg = Debug|Any CPU
		{3C097BB0-8916-4CF8-92AA-0B3846690D19}.Debug|Any CPU.Build.0 = Debug|Any CPU
		{3C097BB0-8916-4CF8-92AA-0B3846690D19}.Release|Any CPU.ActiveCfg = Release|Any CPU
		{3C097BB0-8916-4CF8-92AA-0B3846690D19}.Release|Any CPU.Build.0 = Release|Any CPU
	EndGlobalSection
	GlobalSection(SolutionProperties) = preSolution
		HideSolutionNode = FALSE
	EndGlobalSection
	GlobalSection(ExtensibilityGlobals) = postSolution
		SolutionGuid = {0B88118A-77F3-47CF-A06E-C091172B06F7}
	EndGlobalSection
EndGlobal
